
Microsoft Visual Studio Solution File, Format Version 12.00
# Visual Studio Version 17
VisualStudioVersion = 17.3.32811.315
MinimumVisualStudioVersion = 10.0.40219.1
Project("{FAE04EC0-301F-11D3-BF4B-00C04F79EFBC}") = "UserRegistrationForm", "UserRegistrationForm.csproj", "{764B2DEB-21CB-4410-A6BE-CE19EECAB14C}"
EndProject
Global
	GlobalSection(SolutionConfigurationPlatforms) = preSolution
		Debug|Any CPU = Debug|Any CPU
		Release|Any CPU = Release|Any CPU
	EndGlobalSection
	GlobalSection(ProjectConfigurationPlatforms) = postSolution
		{764B2DEB-21CB-4410-A6BE-CE19EECAB14C}.Debug|Any CPU.ActiveCfg = Debug|Any CPU
		{764B2DEB-21CB-4410-A6BE-CE19EECAB14C}.Debug|Any CPU.Build.0 = Debug|Any CPU
		{764B2DEB-21CB-4410-A6BE-CE19EECAB14C}.Release|Any CPU.ActiveCfg = Release|Any CPU
		{764B2DEB-21CB-4410-A6BE-CE19EECAB14C}.Release|Any CPU.Build.0 = Release|Any CPU
	EndGlobalSection
	GlobalSection(SolutionProperties) = preSolution
		HideSolutionNode = FALSE
	EndGlobalSection
	GlobalSection(ExtensibilityGlobals) = postSolution
		SolutionGuid = {5E5F9AD3-978D-406B-83E7-7E7AF54E152F}
	EndGlobalSection
EndGlobal
